// !$*UTF8*$!
{
	archiveVersion = 1;
	classes = {
	};
	objectVersion = 50;
	objects = {

/* Begin PBXBuildFile section */
		6F68B77B26151FC4000AB51C /* Donnee.swift in Sources */ = {isa = PBXBuildFile; fileRef = 6F68B77A26151FC4000AB51C /* Donnee.swift */; };
		6FA5D4F62616784C00D52B2A /* Constants.swift in Sources */ = {isa = PBXBuildFile; fileRef = 6FA5D4F52616784C00D52B2A /* Constants.swift */; };
		F23F8F7C260CF9E900E6BC04 /* AppDelegate.swift in Sources */ = {isa = PBXBuildFile; fileRef = F23F8F7B260CF9E900E6BC04 /* AppDelegate.swift */; };
		F23F8F7E260CF9E900E6BC04 /* SceneDelegate.swift in Sources */ = {isa = PBXBuildFile; fileRef = F23F8F7D260CF9E900E6BC04 /* SceneDelegate.swift */; };
		F23F8F80260CF9E900E6BC04 /* ViewController.swift in Sources */ = {isa = PBXBuildFile; fileRef = F23F8F7F260CF9E900E6BC04 /* ViewController.swift */; };
		F23F8F83260CF9E900E6BC04 /* Main.storyboard in Resources */ = {isa = PBXBuildFile; fileRef = F23F8F81260CF9E900E6BC04 /* Main.storyboard */; };
		F23F8F85260CF9EA00E6BC04 /* Assets.xcassets in Resources */ = {isa = PBXBuildFile; fileRef = F23F8F84260CF9EA00E6BC04 /* Assets.xcassets */; };
		F23F8F88260CF9EA00E6BC04 /* LaunchScreen.storyboard in Resources */ = {isa = PBXBuildFile; fileRef = F23F8F86260CF9EA00E6BC04 /* LaunchScreen.storyboard */; };
		F2ABD5F9261628C700B6D3AF /* ResultatsController.swift in Sources */ = {isa = PBXBuildFile; fileRef = F2ABD5F8261628C700B6D3AF /* ResultatsController.swift */; };
		F2ABD5FF261637CA00B6D3AF /* WebsiteController.swift in Sources */ = {isa = PBXBuildFile; fileRef = F2ABD5FE261637CA00B6D3AF /* WebsiteController.swift */; };
		F2ABD603261637E500B6D3AF /* PlaceController.swift in Sources */ = {isa = PBXBuildFile; fileRef = F2ABD602261637E500B6D3AF /* PlaceController.swift */; };
/* End PBXBuildFile section */

/* Begin PBXFileReference section */
		6F68B77A26151FC4000AB51C /* Donnee.swift */ = {isa = PBXFileReference; lastKnownFileType = sourcecode.swift; path = Donnee.swift; sourceTree = "<group>"; };
		6FA5D4F52616784C00D52B2A /* Constants.swift */ = {isa = PBXFileReference; lastKnownFileType = sourcecode.swift; path = Constants.swift; sourceTree = "<group>"; };
		F23F8F78260CF9E900E6BC04 /* handiPlaces.app */ = {isa = PBXFileReference; explicitFileType = wrapper.application; includeInIndex = 0; path = handiPlaces.app; sourceTree = BUILT_PRODUCTS_DIR; };
		F23F8F7B260CF9E900E6BC04 /* AppDelegate.swift */ = {isa = PBXFileReference; lastKnownFileType = sourcecode.swift; path = AppDelegate.swift; sourceTree = "<group>"; };
		F23F8F7D260CF9E900E6BC04 /* SceneDelegate.swift */ = {isa = PBXFileReference; lastKnownFileType = sourcecode.swift; path = SceneDelegate.swift; sourceTree = "<group>"; };
		F23F8F7F260CF9E900E6BC04 /* ViewController.swift */ = {isa = PBXFileReference; lastKnownFileType = sourcecode.swift; path = ViewController.swift; sourceTree = "<group>"; };
		F23F8F82260CF9E900E6BC04 /* Base */ = {isa = PBXFileReference; lastKnownFileType = file.storyboard; name = Base; path = Base.lproj/Main.storyboard; sourceTree = "<group>"; };
		F23F8F84260CF9EA00E6BC04 /* Assets.xcassets */ = {isa = PBXFileReference; lastKnownFileType = folder.assetcatalog; path = Assets.xcassets; sourceTree = "<group>"; };
		F23F8F87260CF9EA00E6BC04 /* Base */ = {isa = PBXFileReference; lastKnownFileType = file.storyboard; name = Base; path = Base.lproj/LaunchScreen.storyboard; sourceTree = "<group>"; };
		F23F8F89260CF9EA00E6BC04 /* Info.plist */ = {isa = PBXFileReference; lastKnownFileType = text.plist.xml; path = Info.plist; sourceTree = "<group>"; };
		F2ABD5F8261628C700B6D3AF /* ResultatsController.swift */ = {isa = PBXFileReference; lastKnownFileType = sourcecode.swift; path = ResultatsController.swift; sourceTree = "<group>"; };
		F2ABD5FE261637CA00B6D3AF /* WebsiteController.swift */ = {isa = PBXFileReference; lastKnownFileType = sourcecode.swift; path = WebsiteController.swift; sourceTree = "<group>"; };
		F2ABD602261637E500B6D3AF /* PlaceController.swift */ = {isa = PBXFileReference; lastKnownFileType = sourcecode.swift; path = PlaceController.swift; sourceTree = "<group>"; };
/* End PBXFileReference section */

/* Begin PBXFrameworksBuildPhase section */
		F23F8F75260CF9E900E6BC04 /* Frameworks */ = {
			isa = PBXFrameworksBuildPhase;
			buildActionMask = 2147483647;
			files = (
			);
			runOnlyForDeploymentPostprocessing = 0;
		};
/* End PBXFrameworksBuildPhase section */

/* Begin PBXGroup section */
		F23F8F6F260CF9E900E6BC04 = {
			isa = PBXGroup;
			children = (
				F23F8F7A260CF9E900E6BC04 /* handiPlaces */,
				F23F8F79260CF9E900E6BC04 /* Products */,
			);
			sourceTree = "<group>";
		};
		F23F8F79260CF9E900E6BC04 /* Products */ = {
			isa = PBXGroup;
			children = (
				F23F8F78260CF9E900E6BC04 /* handiPlaces.app */,
			);
			name = Products;
			sourceTree = "<group>";
		};
		F23F8F7A260CF9E900E6BC04 /* handiPlaces */ = {
			isa = PBXGroup;
			children = (
				F2ABD5F22616258C00B6D3AF /* Views */,
				F2ABD5F12616258000B6D3AF /* Controllers */,
				F23F8F7B260CF9E900E6BC04 /* AppDelegate.swift */,
				F23F8F7D260CF9E900E6BC04 /* SceneDelegate.swift */,
				F23F8F84260CF9EA00E6BC04 /* Assets.xcassets */,
				F23F8F89260CF9EA00E6BC04 /* Info.plist */,
				6F68B77A26151FC4000AB51C /* Donnee.swift */,
				6FA5D4F52616784C00D52B2A /* Constants.swift */,
			);
			path = handiPlaces;
			sourceTree = "<group>";
		};
		F2ABD5F12616258000B6D3AF /* Controllers */ = {
			isa = PBXGroup;
			children = (
				F23F8F7F260CF9E900E6BC04 /* ViewController.swift */,
				F2ABD5F8261628C700B6D3AF /* ResultatsController.swift */,
				F2ABD5FE261637CA00B6D3AF /* WebsiteController.swift */,
				F2ABD602261637E500B6D3AF /* PlaceController.swift */,
			);
			path = Controllers;
			sourceTree = "<group>";
		};
		F2ABD5F22616258C00B6D3AF /* Views */ = {
			isa = PBXGroup;
			children = (
				F23F8F86260CF9EA00E6BC04 /* LaunchScreen.storyboard */,
				F23F8F81260CF9E900E6BC04 /* Main.storyboard */,
			);
			path = Views;
			sourceTree = "<group>";
		};
/* End PBXGroup section */

/* Begin PBXNativeTarget section */
		F23F8F77260CF9E900E6BC04 /* handiPlaces */ = {
			isa = PBXNativeTarget;
			buildConfigurationList = F23F8F8C260CF9EA00E6BC04 /* Build configuration list for PBXNativeTarget "handiPlaces" */;
			buildPhases = (
				F23F8F74260CF9E900E6BC04 /* Sources */,
				F23F8F75260CF9E900E6BC04 /* Frameworks */,
				F23F8F76260CF9E900E6BC04 /* Resources */,
			);
			buildRules = (
			);
			dependencies = (
			);
			name = handiPlaces;
			productName = handiPlaces;
			productReference = F23F8F78260CF9E900E6BC04 /* handiPlaces.app */;
			productType = "com.apple.product-type.application";
		};
/* End PBXNativeTarget section */

/* Begin PBXProject section */
		F23F8F70260CF9E900E6BC04 /* Project object */ = {
			isa = PBXProject;
			attributes = {
				LastSwiftUpdateCheck = 1240;
				LastUpgradeCheck = 1240;
				TargetAttributes = {
					F23F8F77260CF9E900E6BC04 = {
						CreatedOnToolsVersion = 12.4;
					};
				};
			};
			buildConfigurationList = F23F8F73260CF9E900E6BC04 /* Build configuration list for PBXProject "handiPlaces" */;
			compatibilityVersion = "Xcode 9.3";
			developmentRegion = en;
			hasScannedForEncodings = 0;
			knownRegions = (
				en,
				Base,
			);
			mainGroup = F23F8F6F260CF9E900E6BC04;
			productRefGroup = F23F8F79260CF9E900E6BC04 /* Products */;
			projectDirPath = "";
			projectRoot = "";
			targets = (
				F23F8F77260CF9E900E6BC04 /* handiPlaces */,
			);
		};
/* End PBXProject section */

/* Begin PBXResourcesBuildPhase section */
		F23F8F76260CF9E900E6BC04 /* Resources */ = {
			isa = PBXResourcesBuildPhase;
			buildActionMask = 2147483647;
			files = (
				F23F8F88260CF9EA00E6BC04 /* LaunchScreen.storyboard in Resources */,
				F23F8F85260CF9EA00E6BC04 /* Assets.xcassets in Resources */,
				F23F8F83260CF9E900E6BC04 /* Main.storyboard in Resources */,
			);
			runOnlyForDeploymentPostprocessing = 0;
		};
/* End PBXResourcesBuildPhase section */

/* Begin PBXSourcesBuildPhase section */
		F23F8F74260CF9E900E6BC04 /* Sources */ = {
			isa = PBXSourcesBuildPhase;
			buildActionMask = 2147483647;
			files = (
				F23F8F80260CF9E900E6BC04 /* ViewController.swift in Sources */,
				F23F8F7C260CF9E900E6BC04 /* AppDelegate.swift in Sources */,
				F2ABD5FF261637CA00B6D3AF /* WebsiteController.swift in Sources */,
				F23F8F7E260CF9E900E6BC04 /* SceneDelegate.swift in Sources */,
				F2ABD5F9261628C700B6D3AF /* ResultatsController.swift in Sources */,
				6F68B77B26151FC4000AB51C /* Donnee.swift in Sources */,
				F2ABD603261637E500B6D3AF /* PlaceController.swift in Sources */,
				6FA5D4F62616784C00D52B2A /* Constants.swift in Sources */,
			);
			runOnlyForDeploymentPostprocessing = 0;
		};
/* End PBXSourcesBuildPhase section */

/* Begin PBXVariantGroup section */
		F23F8F81260CF9E900E6BC04 /* Main.storyboard */ = {
			isa = PBXVariantGroup;
			children = (
				F23F8F82260CF9E900E6BC04 /* Base */,
			);
			name = Main.storyboard;
			sourceTree = "<group>";
		};
		F23F8F86260CF9EA00E6BC04 /* LaunchScreen.storyboard */ = {
			isa = PBXVariantGroup;
			children = (
				F23F8F87260CF9EA00E6BC04 /* Base */,
			);
			name = LaunchScreen.storyboard;
			sourceTree = "<group>";
		};
/* End PBXVariantGroup section */

/* Begin XCBuildConfiguration section */
		F23F8F8A260CF9EA00E6BC04 /* Debug */ = {
			isa = XCBuildConfiguration;
			buildSettings = {
				ALWAYS_SEARCH_USER_PATHS = NO;
				CLANG_ANALYZER_NONNULL = YES;
				CLANG_ANALYZER_NUMBER_OBJECT_CONVERSION = YES_AGGRESSIVE;
				CLANG_CXX_LANGUAGE_STANDARD = "gnu++14";
				CLANG_CXX_LIBRARY = "libc++";
				CLANG_ENABLE_MODULES = YES;
				CLANG_ENABLE_OBJC_ARC = YES;
				CLANG_ENABLE_OBJC_WEAK = YES;
				CLANG_WARN_BLOCK_CAPTURE_AUTORELEASING = YES;
				CLANG_WARN_BOOL_CONVERSION = YES;
				CLANG_WARN_COMMA = YES;
				CLANG_WARN_CONSTANT_CONVERSION = YES;
				CLANG_WARN_DEPRECATED_OBJC_IMPLEMENTATIONS = YES;
				CLANG_WARN_DIRECT_OBJC_ISA_USAGE = YES_ERROR;
				CLANG_WARN_DOCUMENTATION_COMMENTS = YES;
				CLANG_WARN_EMPTY_BODY = YES;
				CLANG_WARN_ENUM_CONVERSION = YES;
				CLANG_WARN_INFINITE_RECURSION = YES;
				CLANG_WARN_INT_CONVERSION = YES;
				CLANG_WARN_NON_LITERAL_NULL_CONVERSION = YES;
				CLANG_WARN_OBJC_IMPLICIT_RETAIN_SELF = YES;
				CLANG_WARN_OBJC_LITERAL_CONVERSION = YES;
				CLANG_WARN_OBJC_ROOT_CLASS = YES_ERROR;
				CLANG_WARN_QUOTED_INCLUDE_IN_FRAMEWORK_HEADER = YES;
				CLANG_WARN_RANGE_LOOP_ANALYSIS = YES;
				CLANG_WARN_STRICT_PROTOTYPES = YES;
				CLANG_WARN_SUSPICIOUS_MOVE = YES;
				CLANG_WARN_UNGUARDED_AVAILABILITY = YES_AGGRESSIVE;
				CLANG_WARN_UNREACHABLE_CODE = YES;
				CLANG_WARN__DUPLICATE_METHOD_MATCH = YES;
				COPY_PHASE_STRIP = NO;
				DEBUG_INFORMATION_FORMAT = dwarf;
				ENABLE_STRICT_OBJC_MSGSEND = YES;
				ENABLE_TESTABILITY = YES;
				GCC_C_LANGUAGE_STANDARD = gnu11;
				GCC_DYNAMIC_NO_PIC = NO;
				GCC_NO_COMMON_BLOCKS = YES;
				GCC_OPTIMIZATION_LEVEL = 0;
				GCC_PREPROCESSOR_DEFINITIONS = (
					"DEBUG=1",
					"$(inherited)",
				);
				GCC_WARN_64_TO_32_BIT_CONVERSION = YES;
				GCC_WARN_ABOUT_RETURN_TYPE = YES_ERROR;
				GCC_WARN_UNDECLARED_SELECTOR = YES;
				GCC_WARN_UNINITIALIZED_AUTOS = YES_AGGRESSIVE;
				GCC_WARN_UNUSED_FUNCTION = YES;
				GCC_WARN_UNUSED_VARIABLE = YES;
				IPHONEOS_DEPLOYMENT_TARGET = 14.4;
				MTL_ENABLE_DEBUG_INFO = INCLUDE_SOURCE;
				MTL_FAST_MATH = YES;
				ONLY_ACTIVE_ARCH = YES;
				SDKROOT = iphoneos;
				SWIFT_ACTIVE_COMPILATION_CONDITIONS = DEBUG;
				SWIFT_OPTIMIZATION_LEVEL = "-Onone";
			};
			name = Debug;
		};
		F23F8F8B260CF9EA00E6BC04 /* Release */ = {
			isa = XCBuildConfiguration;
			buildSettings = {
				ALWAYS_SEARCH_USER_PATHS = NO;
				CLANG_ANALYZER_NONNULL = YES;
				CLANG_ANALYZER_NUMBER_OBJECT_CONVERSION = YES_AGGRESSIVE;
				CLANG_CXX_LANGUAGE_STANDARD = "gnu++14";
				CLANG_CXX_LIBRARY = "libc++";
				CLANG_ENABLE_MODULES = YES;
				CLANG_ENABLE_OBJC_ARC = YES;
				CLANG_ENABLE_OBJC_WEAK = YES;
				CLANG_WARN_BLOCK_CAPTURE_AUTORELEASING = YES;
				CLANG_WARN_BOOL_CONVERSION = YES;
				CLANG_WARN_COMMA = YES;
				CLANG_WARN_CONSTANT_CONVERSION = YES;
				CLANG_WARN_DEPRECATED_OBJC_IMPLEMENTATIONS = YES;
				CLANG_WARN_DIRECT_OBJC_ISA_USAGE = YES_ERROR;
				CLANG_WARN_DOCUMENTATION_COMMENTS = YES;
				CLANG_WARN_EMPTY_BODY = YES;
				CLANG_WARN_ENUM_CONVERSION = YES;
				CLANG_WARN_INFINITE_RECURSION = YES;
				CLANG_WARN_INT_CONVERSION = YES;
				CLANG_WARN_NON_LITERAL_NULL_CONVERSION = YES;
				CLANG_WARN_OBJC_IMPLICIT_RETAIN_SELF = YES;
				CLANG_WARN_OBJC_LITERAL_CONVERSION = YES;
				CLANG_WARN_OBJC_ROOT_CLASS = YES_ERROR;
				CLANG_WARN_QUOTED_INCLUDE_IN_FRAMEWORK_HEADER = YES;
				CLANG_WARN_RANGE_LOOP_ANALYSIS = YES;
				CLANG_WARN_STRICT_PROTOTYPES = YES;
				CLANG_WARN_SUSPICIOUS_MOVE = YES;
				CLANG_WARN_UNGUARDED_AVAILABILITY = YES_AGGRESSIVE;
				CLANG_WARN_UNREACHABLE_CODE = YES;
				CLANG_WARN__DUPLICATE_METHOD_MATCH = YES;
				COPY_PHASE_STRIP = NO;
				DEBUG_INFORMATION_FORMAT = "dwarf-with-dsym";
				ENABLE_NS_ASSERTIONS = NO;
				ENABLE_STRICT_OBJC_MSGSEND = YES;
				GCC_C_LANGUAGE_STANDARD = gnu11;
				GCC_NO_COMMON_BLOCKS = YES;
				GCC_WARN_64_TO_32_BIT_CONVERSION = YES;
				GCC_WARN_ABOUT_RETURN_TYPE = YES_ERROR;
				GCC_WARN_UNDECLARED_SELECTOR = YES;
				GCC_WARN_UNINITIALIZED_AUTOS = YES_AGGRESSIVE;
				GCC_WARN_UNUSED_FUNCTION = YES;
				GCC_WARN_UNUSED_VARIABLE = YES;
				IPHONEOS_DEPLOYMENT_TARGET = 14.4;
				MTL_ENABLE_DEBUG_INFO = NO;
				MTL_FAST_MATH = YES;
				SDKROOT = iphoneos;
				SWIFT_COMPILATION_MODE = wholemodule;
				SWIFT_OPTIMIZATION_LEVEL = "-O";
				VALIDATE_PRODUCT = YES;
			};
			name = Release;
		};
		F23F8F8D260CF9EA00E6BC04 /* Debug */ = {
			isa = XCBuildConfiguration;
			buildSettings = {
				ASSETCATALOG_COMPILER_APPICON_NAME = AppIcon;
				ASSETCATALOG_COMPILER_GLOBAL_ACCENT_COLOR_NAME = AccentColor;
				CODE_SIGN_STYLE = Automatic;
				INFOPLIST_FILE = handiPlaces/Info.plist;
				LD_RUNPATH_SEARCH_PATHS = (
					"$(inherited)",
					"@executable_path/Frameworks",
				);
				PRODUCT_BUNDLE_IDENTIFIER = com.univorleans.handiPlaces;
				PRODUCT_NAME = "$(TARGET_NAME)";
				SWIFT_VERSION = 5.0;
				TARGETED_DEVICE_FAMILY = "1,2";
			};
			name = Debug;
		};
		F23F8F8E260CF9EA00E6BC04 /* Release */ = {
			isa = XCBuildConfiguration;
			buildSettings = {
				ASSETCATALOG_COMPILER_APPICON_NAME = AppIcon;
				ASSETCATALOG_COMPILER_GLOBAL_ACCENT_COLOR_NAME = AccentColor;
				CODE_SIGN_STYLE = Automatic;
				INFOPLIST_FILE = handiPlaces/Info.plist;
				LD_RUNPATH_SEARCH_PATHS = (
					"$(inherited)",
					"@executable_path/Frameworks",
				);
				PRODUCT_BUNDLE_IDENTIFIER = com.univorleans.handiPlaces;
				PRODUCT_NAME = "$(TARGET_NAME)";
				SWIFT_VERSION = 5.0;
				TARGETED_DEVICE_FAMILY = "1,2";
			};
			name = Release;
		};
/* End XCBuildConfiguration section */

/* Begin XCConfigurationList section */
		F23F8F73260CF9E900E6BC04 /* Build configuration list for PBXProject "handiPlaces" */ = {
			isa = XCConfigurationList;
			buildConfigurations = (
				F23F8F8A260CF9EA00E6BC04 /* Debug */,
				F23F8F8B260CF9EA00E6BC04 /* Release */,
			);
			defaultConfigurationIsVisible = 0;
			defaultConfigurationName = Release;
		};
		F23F8F8C260CF9EA00E6BC04 /* Build configuration list for PBXNativeTarget "handiPlaces" */ = {
			isa = XCConfigurationList;
			buildConfigurations = (
				F23F8F8D260CF9EA00E6BC04 /* Debug */,
				F23F8F8E260CF9EA00E6BC04 /* Release */,
			);
			defaultConfigurationIsVisible = 0;
			defaultConfigurationName = Release;
		};
/* End XCConfigurationList section */
	};
	rootObject = F23F8F70260CF9E900E6BC04 /* Project object */;
}
